
Microsoft Visual Studio Solution File, Format Version 12.00
# Visual Studio Version 17
VisualStudioVersion = 17.6.33829.357
MinimumVisualStudioVersion = 10.0.40219.1
Project("{9A19103F-16F7-4668-BE54-9A1E7A4F7556}") = "NewsAppWebapplication", "NewsAppWebapplication\NewsAppWebapplication.csproj", "{872B3C0A-FA08-4781-9ECB-C71ED79C9EFC}"
EndProject
Global
	GlobalSection(SolutionConfigurationPlatforms) = preSolution
		Debug|Any CPU = Debug|Any CPU
		Release|Any CPU = Release|Any CPU
	EndGlobalSection
	GlobalSection(ProjectConfigurationPlatforms) = postSolution
		{872B3C0A-FA08-4781-9ECB-C71ED79C9EFC}.Debug|Any CPU.ActiveCfg = Debug|Any CPU
		{872B3C0A-FA08-4781-9ECB-C71ED79C9EFC}.Debug|Any CPU.Build.0 = Debug|Any CPU
		{872B3C0A-FA08-4781-9ECB-C71ED79C9EFC}.Release|Any CPU.ActiveCfg = Release|Any CPU
		{872B3C0A-FA08-4781-9ECB-C71ED79C9EFC}.Release|Any CPU.Build.0 = Release|Any CPU
	EndGlobalSection
	GlobalSection(SolutionProperties) = preSolution
		HideSolutionNode = FALSE
	EndGlobalSection
	GlobalSection(ExtensibilityGlobals) = postSolution
		SolutionGuid = {333902AA-3B20-4036-BE10-2E3345A7EBC4}
	EndGlobalSection
EndGlobal
